
Microsoft Visual Studio Solution File, Format Version 12.00
# Visual Studio 14
VisualStudioVersion = 14.0.23107.0
MinimumVisualStudioVersion = 10.0.40219.1
Project("{FAE04EC0-301F-11D3-BF4B-00C04F79EFBC}") = "Windows.Devices.Sensors.Mcp3008", "Mcp3008\Windows.Devices.Sensors.Mcp3008.csproj", "{F12E469C-1952-433D-AC07-27E247F6B747}"
EndProject
Project("{FAE04EC0-301F-11D3-BF4B-00C04F79EFBC}") = "Water Level", "Water Level\Water Level.csproj", "{6BCB5D93-9A10-45B7-B906-1919587AA0AE}"
EndProject
Project("{FAE04EC0-301F-11D3-BF4B-00C04F79EFBC}") = "Water Sensor", "Water Sensor\Water Sensor.csproj", "{5A7B4FF0-5C04-491E-9854-88193DB1F886}"
EndProject
Project("{FAE04EC0-301F-11D3-BF4B-00C04F79EFBC}") = "Porrey.Common", "Porrey.Common\Porrey.Common.csproj", "{285538E0-757C-4CEF-B7E4-8632D5F25361}"
EndProject
Project("{FAE04EC0-301F-11D3-BF4B-00C04F79EFBC}") = "Windows.Devices.Sensors.Calibration", "Windows.Devices.Sensors.Calibration\Windows.Devices.Sensors.Calibration.csproj", "{C96AA46B-F773-40FB-A677-B3097F758A95}"
EndProject
Project("{FAE04EC0-301F-11D3-BF4B-00C04F79EFBC}") = "Windows.Devices.Sensors.SensorStability", "Windows.Devices.Sensors.SensorStability\Windows.Devices.Sensors.SensorStability.csproj", "{1BAD8DC2-BD72-4919-8F0E-F6192671F61C}"
EndProject
Global
	GlobalSection(SolutionConfigurationPlatforms) = preSolution
		Debug|Any CPU = Debug|Any CPU
		Debug|ARM = Debug|ARM
		Debug|x64 = Debug|x64
		Debug|x86 = Debug|x86
		Release|Any CPU = Release|Any CPU
		Release|ARM = Release|ARM
		Release|x64 = Release|x64
		Release|x86 = Release|x86
	EndGlobalSection
	GlobalSection(ProjectConfigurationPlatforms) = postSolution
		{F12E469C-1952-433D-AC07-27E247F6B747}.Debug|Any CPU.ActiveCfg = Debug|Any CPU
		{F12E469C-1952-433D-AC07-27E247F6B747}.Debug|Any CPU.Build.0 = Debug|Any CPU
		{F12E469C-1952-433D-AC07-27E247F6B747}.Debug|ARM.ActiveCfg = Debug|ARM
		{F12E469C-1952-433D-AC07-27E247F6B747}.Debug|ARM.Build.0 = Debug|ARM
		{F12E469C-1952-433D-AC07-27E247F6B747}.Debug|x64.ActiveCfg = Debug|x64
		{F12E469C-1952-433D-AC07-27E247F6B747}.Debug|x64.Build.0 = Debug|x64
		{F12E469C-1952-433D-AC07-27E247F6B747}.Debug|x86.ActiveCfg = Debug|x86
		{F12E469C-1952-433D-AC07-27E247F6B747}.Debug|x86.Build.0 = Debug|x86
		{F12E469C-1952-433D-AC07-27E247F6B747}.Release|Any CPU.ActiveCfg = Release|Any CPU
		{F12E469C-1952-433D-AC07-27E247F6B747}.Release|Any CPU.Build.0 = Release|Any CPU
		{F12E469C-1952-433D-AC07-27E247F6B747}.Release|ARM.ActiveCfg = Release|ARM
		{F12E469C-1952-433D-AC07-27E247F6B747}.Release|ARM.Build.0 = Release|ARM
		{F12E469C-1952-433D-AC07-27E247F6B747}.Release|x64.ActiveCfg = Release|x64
		{F12E469C-1952-433D-AC07-27E247F6B747}.Release|x64.Build.0 = Release|x64
		{F12E469C-1952-433D-AC07-27E247F6B747}.Release|x86.ActiveCfg = Release|x86
		{F12E469C-1952-433D-AC07-27E247F6B747}.Release|x86.Build.0 = Release|x86
		{6BCB5D93-9A10-45B7-B906-1919587AA0AE}.Debug|Any CPU.ActiveCfg = Debug|x86
		{6BCB5D93-9A10-45B7-B906-1919587AA0AE}.Debug|ARM.ActiveCfg = Debug|ARM
		{6BCB5D93-9A10-45B7-B906-1919587AA0AE}.Debug|ARM.Build.0 = Debug|ARM
		{6BCB5D93-9A10-45B7-B906-1919587AA0AE}.Debug|ARM.Deploy.0 = Debug|ARM
		{6BCB5D93-9A10-45B7-B906-1919587AA0AE}.Debug|x64.ActiveCfg = Debug|x64
		{6BCB5D93-9A10-45B7-B906-1919587AA0AE}.Debug|x64.Build.0 = Debug|x64
		{6BCB5D93-9A10-45B7-B906-1919587AA0AE}.Debug|x64.Deploy.0 = Debug|x64
		{6BCB5D93-9A10-45B7-B906-1919587AA0AE}.Debug|x86.ActiveCfg = Debug|x86
		{6BCB5D93-9A10-45B7-B906-1919587AA0AE}.Debug|x86.Build.0 = Debug|x86
		{6BCB5D93-9A10-45B7-B906-1919587AA0AE}.Debug|x86.Deploy.0 = Debug|x86
		{6BCB5D93-9A10-45B7-B906-1919587AA0AE}.Release|Any CPU.ActiveCfg = Release|x86
		{6BCB5D93-9A10-45B7-B906-1919587AA0AE}.Release|ARM.ActiveCfg = Release|ARM
		{6BCB5D93-9A10-45B7-B906-1919587AA0AE}.Release|ARM.Build.0 = Release|ARM
		{6BCB5D93-9A10-45B7-B906-1919587AA0AE}.Release|ARM.Deploy.0 = Release|ARM
		{6BCB5D93-9A10-45B7-B906-1919587AA0AE}.Release|x64.ActiveCfg = Release|x64
		{6BCB5D93-9A10-45B7-B906-1919587AA0AE}.Release|x64.Build.0 = Release|x64
		{6BCB5D93-9A10-45B7-B906-1919587AA0AE}.Release|x64.Deploy.0 = Release|x64
		{6BCB5D93-9A10-45B7-B906-1919587AA0AE}.Release|x86.ActiveCfg = Release|x86
		{6BCB5D93-9A10-45B7-B906-1919587AA0AE}.Release|x86.Build.0 = Release|x86
		{6BCB5D93-9A10-45B7-B906-1919587AA0AE}.Release|x86.Deploy.0 = Release|x86
		{5A7B4FF0-5C04-491E-9854-88193DB1F886}.Debug|Any CPU.ActiveCfg = Debug|x86
		{5A7B4FF0-5C04-491E-9854-88193DB1F886}.Debug|ARM.ActiveCfg = Debug|ARM
		{5A7B4FF0-5C04-491E-9854-88193DB1F886}.Debug|ARM.Build.0 = Debug|ARM
		{5A7B4FF0-5C04-491E-9854-88193DB1F886}.Debug|ARM.Deploy.0 = Debug|ARM
		{5A7B4FF0-5C04-491E-9854-88193DB1F886}.Debug|x64.ActiveCfg = Debug|x64
		{5A7B4FF0-5C04-491E-9854-88193DB1F886}.Debug|x64.Build.0 = Debug|x64
		{5A7B4FF0-5C04-491E-9854-88193DB1F886}.Debug|x64.Deploy.0 = Debug|x64
		{5A7B4FF0-5C04-491E-9854-88193DB1F886}.Debug|x86.ActiveCfg = Debug|x86
		{5A7B4FF0-5C04-491E-9854-88193DB1F886}.Debug|x86.Build.0 = Debug|x86
		{5A7B4FF0-5C04-491E-9854-88193DB1F886}.Debug|x86.Deploy.0 = Debug|x86
		{5A7B4FF0-5C04-491E-9854-88193DB1F886}.Release|Any CPU.ActiveCfg = Release|x86
		{5A7B4FF0-5C04-491E-9854-88193DB1F886}.Release|ARM.ActiveCfg = Release|ARM
		{5A7B4FF0-5C04-491E-9854-88193DB1F886}.Release|ARM.Build.0 = Release|ARM
		{5A7B4FF0-5C04-491E-9854-88193DB1F886}.Release|ARM.Deploy.0 = Release|ARM
		{5A7B4FF0-5C04-491E-9854-88193DB1F886}.Release|x64.ActiveCfg = Release|x64
		{5A7B4FF0-5C04-491E-9854-88193DB1F886}.Release|x64.Build.0 = Release|x64
		{5A7B4FF0-5C04-491E-9854-88193DB1F886}.Release|x64.Deploy.0 = Release|x64
		{5A7B4FF0-5C04-491E-9854-88193DB1F886}.Release|x86.ActiveCfg = Release|x86
		{5A7B4FF0-5C04-491E-9854-88193DB1F886}.Release|x86.Build.0 = Release|x86
		{5A7B4FF0-5C04-491E-9854-88193DB1F886}.Release|x86.Deploy.0 = Release|x86
		{285538E0-757C-4CEF-B7E4-8632D5F25361}.Debug|Any CPU.ActiveCfg = Debug|Any CPU
		{285538E0-757C-4CEF-B7E4-8632D5F25361}.Debug|Any CPU.Build.0 = Debug|Any CPU
		{285538E0-757C-4CEF-B7E4-8632D5F25361}.Debug|ARM.ActiveCfg = Debug|ARM
		{285538E0-757C-4CEF-B7E4-8632D5F25361}.Debug|ARM.Build.0 = Debug|ARM
		{285538E0-757C-4CEF-B7E4-8632D5F25361}.Debug|x64.ActiveCfg = Debug|x64
		{285538E0-757C-4CEF-B7E4-8632D5F25361}.Debug|x64.Build.0 = Debug|x64
		{285538E0-757C-4CEF-B7E4-8632D5F25361}.Debug|x86.ActiveCfg = Debug|x86
		{285538E0-757C-4CEF-B7E4-8632D5F25361}.Debug|x86.Build.0 = Debug|x86
		{285538E0-757C-4CEF-B7E4-8632D5F25361}.Release|Any CPU.ActiveCfg = Release|Any CPU
		{285538E0-757C-4CEF-B7E4-8632D5F25361}.Release|Any CPU.Build.0 = Release|Any CPU
		{285538E0-757C-4CEF-B7E4-8632D5F25361}.Release|ARM.ActiveCfg = Release|ARM
		{285538E0-757C-4CEF-B7E4-8632D5F25361}.Release|ARM.Build.0 = Release|ARM
		{285538E0-757C-4CEF-B7E4-8632D5F25361}.Release|x64.ActiveCfg = Release|x64
		{285538E0-757C-4CEF-B7E4-8632D5F25361}.Release|x64.Build.0 = Release|x64
		{285538E0-757C-4CEF-B7E4-8632D5F25361}.Release|x86.ActiveCfg = Release|x86
		{285538E0-757C-4CEF-B7E4-8632D5F25361}.Release|x86.Build.0 = Release|x86
		{C96AA46B-F773-40FB-A677-B3097F758A95}.Debug|Any CPU.ActiveCfg = Debug|Any CPU
		{C96AA46B-F773-40FB-A677-B3097F758A95}.Debug|Any CPU.Build.0 = Debug|Any CPU
		{C96AA46B-F773-40FB-A677-B3097F758A95}.Debug|ARM.ActiveCfg = Debug|ARM
		{C96AA46B-F773-40FB-A677-B3097F758A95}.Debug|ARM.Build.0 = Debug|ARM
		{C96AA46B-F773-40FB-A677-B3097F758A95}.Debug|x64.ActiveCfg = Debug|x64
		{C96AA46B-F773-40FB-A677-B3097F758A95}.Debug|x64.Build.0 = Debug|x64
		{C96AA46B-F773-40FB-A677-B3097F758A95}.Debug|x86.ActiveCfg = Debug|x86
		{C96AA46B-F773-40FB-A677-B3097F758A95}.Debug|x86.Build.0 = Debug|x86
		{C96AA46B-F773-40FB-A677-B3097F758A95}.Release|Any CPU.ActiveCfg = Release|Any CPU
		{C96AA46B-F773-40FB-A677-B3097F758A95}.Release|Any CPU.Build.0 = Release|Any CPU
		{C96AA46B-F773-40FB-A677-B3097F758A95}.Release|ARM.ActiveCfg = Release|ARM
		{C96AA46B-F773-40FB-A677-B3097F758A95}.Release|ARM.Build.0 = Release|ARM
		{C96AA46B-F773-40FB-A677-B3097F758A95}.Release|x64.ActiveCfg = Release|x64
		{C96AA46B-F773-40FB-A677-B3097F758A95}.Release|x64.Build.0 = Release|x64
		{C96AA46B-F773-40FB-A677-B3097F758A95}.Release|x86.ActiveCfg = Release|x86
		{C96AA46B-F773-40FB-A677-B3097F758A95}.Release|x86.Build.0 = Release|x86
		{1BAD8DC2-BD72-4919-8F0E-F6192671F61C}.Debug|Any CPU.ActiveCfg = Debug|Any CPU
		{1BAD8DC2-BD72-4919-8F0E-F6192671F61C}.Debug|Any CPU.Build.0 = Debug|Any CPU
		{1BAD8DC2-BD72-4919-8F0E-F6192671F61C}.Debug|ARM.ActiveCfg = Debug|ARM
		{1BAD8DC2-BD72-4919-8F0E-F6192671F61C}.Debug|ARM.Build.0 = Debug|ARM
		{1BAD8DC2-BD72-4919-8F0E-F6192671F61C}.Debug|x64.ActiveCfg = Debug|x64
		{1BAD8DC2-BD72-4919-8F0E-F6192671F61C}.Debug|x64.Build.0 = Debug|x64
		{1BAD8DC2-BD72-4919-8F0E-F6192671F61C}.Debug|x86.ActiveCfg = Debug|x86
		{1BAD8DC2-BD72-4919-8F0E-F6192671F61C}.Debug|x86.Build.0 = Debug|x86
		{1BAD8DC2-BD72-4919-8F0E-F6192671F61C}.Release|Any CPU.ActiveCfg = Release|Any CPU
		{1BAD8DC2-BD72-4919-8F0E-F6192671F61C}.Release|Any CPU.Build.0 = Release|Any CPU
		{1BAD8DC2-BD72-4919-8F0E-F6192671F61C}.Release|ARM.ActiveCfg = Release|ARM
		{1BAD8DC2-BD72-4919-8F0E-F6192671F61C}.Release|ARM.Build.0 = Release|ARM
		{1BAD8DC2-BD72-4919-8F0E-F6192671F61C}.Release|x64.ActiveCfg = Release|x64
		{1BAD8DC2-BD72-4919-8F0E-F6192671F61C}.Release|x64.Build.0 = Release|x64
		{1BAD8DC2-BD72-4919-8F0E-F6192671F61C}.Release|x86.ActiveCfg = Release|x86
		{1BAD8DC2-BD72-4919-8F0E-F6192671F61C}.Release|x86.Build.0 = Release|x86
	EndGlobalSection
	GlobalSection(SolutionProperties) = preSolution
		HideSolutionNode = FALSE
	EndGlobalSection
EndGlobal
